<Solution>
  <Project Path="ejercicio 2/ejercicio 2.csproj" Id="b85f560e-956c-4ca4-815e-76c8e1468f28" />
  <Project Path="ejercicio 3/ejercicio 3.csproj" Id="4e114051-d0f8-4c1d-adc6-f314cadb6457" />
  <Project Path="ejercicio 4/ejercicio 4.csproj" Id="928bca1a-fb08-47b4-8182-b5a6b0aac816" />
  <Project Path="ejercicio 5/ejercicio 5.csproj" Id="bec92ef3-7a7a-43c2-b199-df063fbed4ec" />
  <Project Path="ejercicio 6/ejercicio 6.csproj" Id="b0b97021-9aad-404b-b5b5-d8c44a6e11e4" />
  <Project Path="ejercicio1/ejercicio1.csproj" Id="d88e2dd2-d4cb-4ebe-ba74-246a495fa711" />
  <Project Path="ThomasIglesias/ejercicio 1.csproj" Id="b2d3a75b-7b0d-4e1b-a449-94bf2f2bca1c" />
</Solution>
