<Solution>
  <Project Path="ejercicio 1/ejercicio 1.csproj" Id="cb22be5a-b4f7-4e64-b237-7f7e8effcc23" />
  <Project Path="ejercicio 2/ejercicio 2.csproj" Id="fa31e7ba-0313-4a94-a315-96ecaf53999e" />
  <Project Path="ejercicio 3/ejercicio 3.csproj" Id="9f5ed52c-9712-4f1e-9224-38de1b07ba36" />
  <Project Path="ejercicio 4/ejercicio 4.csproj" Id="ab7b093e-f5ca-4aa8-b87c-c3e8fe7a05a1" />
</Solution>
