<Solution>
  <Project Path="ejercicio1/ejercicio1.csproj" Id="1f291981-7109-43b0-92c0-7f5841aedaed" />
  <Project Path="ejercicio2/ejercicio2.csproj" Id="c05586de-82ce-4f2a-b000-54c93e41268c" />
  <Project Path="ejercicio3/ejercicio3.csproj" Id="3ca0508d-0017-4fec-b7b8-5feec5b2b846" />
  <Project Path="ejercicio4/ejercicio4.csproj" Id="3c7e479f-edc7-4993-8cea-b1e60decdb3b" />
</Solution>
