<Solution>
  <Project Path="ejercicio1/ejercicio1.csproj" Id="08e5fc7f-8805-4cce-bab2-fbcac28fdff1" />
  <Project Path="ejercicio2/ejercicio2.csproj" Id="70e5f0fc-5660-4635-b3ef-e4b2f2b4d652" />
  <Project Path="ejercicio3/ejercicio3.csproj" Id="5b396882-c7f2-45b0-b80a-9499304d1148" />
</Solution>
