<Solution>
  <Project Path="ejercicio1/ejercicio1.csproj" Id="26ba6074-373e-4595-9df7-94ebcb20fe2e" />
  <Project Path="ejercicio2/ejercicio2.csproj" Id="d8e65167-c64f-46b2-95c0-2a42c59e692c" />
  <Project Path="ejercicio3/ejercicio3.csproj" Id="d96461af-bbf0-4dc1-99c4-60294da9168d" />
</Solution>
