<Solution>
  <Project Path="ejercicio1/ejercicio1.csproj" Id="dae2e1e4-40e9-41a5-afa2-a370e670d437" />
  <Project Path="ejercicio2/ejercicio2.csproj" Id="d588e268-1fc7-4f90-9e65-381c5b387df3" />
  <Project Path="ejercicio3/ejercicio3.csproj" Id="5475efb8-37ba-4638-bb60-1a69bbe0e083" />
  <Project Path="ejercicio4/ejercicio4.csproj" Id="4dbe38c6-e4d7-45f3-b83b-45d6a676c940" />
</Solution>
