<Solution>
  <Project Path="ejercicio1/ejercicio1.csproj" Id="c0d7ecf9-6c74-48aa-8878-4c3661271a5c" />
  <Project Path="ejercicio2/ejercicio2.csproj" Id="03dfa2b4-a11a-4135-8103-87d55dc124c1" />
  <Project Path="ejercicio3/ejercicio3.csproj" Id="67789d9e-ac23-411c-b304-60b097e05292" />
  <Project Path="ejercicio4/ejercicio4.csproj" Id="354c3168-4004-44cb-ada2-d8f07bafdb4b" />
</Solution>
