<Solution>
  <Project Path="ejercicio1/ejercicio1.csproj" Id="eb69c3fe-95d7-4dbf-acee-e696f87faee5" />
  <Project Path="ejercicio2/ejercicio2.csproj" Id="ee48e2e4-24ee-4f91-846c-44284a3c0420" />
  <Project Path="ejercicio3/ejercicio3.csproj" Id="56106a6d-7577-437e-a671-7625406bc080" />
  <Project Path="ejercicio4/ejercicio4.csproj" Id="ca7a6605-dd56-4b32-bea7-8e39b9dc61f9" />
</Solution>
