<Solution>
  <Project Path="ejercicio 1/ejercicio 1.csproj" Id="8e8c0264-4f24-4301-99b1-d88b22c1cfef" />
  <Project Path="ejercicio2/ejercicio2.csproj" Id="b1e06525-71c7-4242-b5eb-570251d0e14f" />
  <Project Path="ejercicio3/ejercicio3.csproj" Id="a11c5c29-2215-4f5f-a708-2b8ff4ab2765" />
  <Project Path="ejercicio4/ejercicio4.csproj" Id="bfbfa31f-7d47-4df8-be85-9bb0e847a56c" />
  <Project Path="ejercicio5/ejercicio5.csproj" Id="ec4efe63-e11b-4771-95f4-b2d3dcff29a9" />
  <Project Path="ejercicio6/ejercicio6.csproj" Id="82f51cd6-89ca-45e7-b26f-25f676e705ec" />
</Solution>
