<Solution>
  <Project Path="ejercicio 1/ejercicio 1.csproj" Id="04bf1243-3071-4343-b77d-d8fb32eff16c" />
  <Project Path="ejercicio 2/ejercicio 2.csproj" Id="12de064a-9622-41ca-8773-8d96d747b79e" />
  <Project Path="ejercicio 3/ejercicio 3.csproj" Id="06faedd1-0faf-4adc-80a4-a965e3d4f197" />
  <Project Path="ejercicio 4/ejercicio 4.csproj" Id="2d0ff1c7-8103-4f64-985e-03f2836c24ed" />
</Solution>
