<Solution>
  <Project Path="ejercicio 1/ejercicio 1.csproj" Id="250092e1-6463-4493-8d42-177ec746b73b" />
  <Project Path="ejercicio 2/ejercicio 2.csproj" Id="5664dc69-dd47-47ce-8e6f-fe06daa892b3" />
  <Project Path="ejercicio 3/ejercicio 3.csproj" Id="6679fc71-a7de-4b29-bc5a-ef2dbd0b84bf" />
  <Project Path="ejercicio 4/ejercicio 4.csproj" Id="245dac18-3551-437f-8d70-6794857fe741" />
  <Project Path="ejercicio 5/ejercicio 5.csproj" Id="3e3ed507-547e-43fc-923e-03ec7583c21f" />
</Solution>
