<Solution>
  <Project Path="ejercicio1/ejercicio1.csproj" Id="7c4c7046-0013-4296-8467-b9f547336244" />
  <Project Path="ejercicio2/ejercicio2.csproj" Id="ac408a90-6b75-44de-b76e-fc2a538c8dac" />
  <Project Path="ejercicio3/ejercicio3.csproj" Id="96f11686-aeee-4da3-a922-10d27b4228d2" />
  <Project Path="ejercicio4/ejercicio4.csproj" Id="42752763-45a7-46d0-a2f9-c610c4a377c1" />
</Solution>
